
Microsoft Visual Studio Solution File, Format Version 12.00
# Visual Studio Version 17
VisualStudioVersion = 17.5.33424.131
MinimumVisualStudioVersion = 10.0.40219.1
Project("{9A19103F-16F7-4668-BE54-9A1E7A4F7556}") = "ShopOnline.Solution", "ShopOnline.Solution\ShopOnline.Solution.csproj", "{CD33BF17-7527-4431-86D7-A7A8CBCEACDF}"
EndProject
Project("{9A19103F-16F7-4668-BE54-9A1E7A4F7556}") = "ShopOnline.Api", "ShopOnline.Api\ShopOnline.Api.csproj", "{B7A4560D-9FCF-4386-95C4-4794EF4E6994}"
EndProject
Project("{9A19103F-16F7-4668-BE54-9A1E7A4F7556}") = "ShopOnline.Models", "ShopOnline.Models\ShopOnline.Models.csproj", "{8AF53F22-43B8-4BB0-A62C-124618ED9B24}"
EndProject
Global
	GlobalSection(SolutionConfigurationPlatforms) = preSolution
		Debug|Any CPU = Debug|Any CPU
		Release|Any CPU = Release|Any CPU
	EndGlobalSection
	GlobalSection(ProjectConfigurationPlatforms) = postSolution
		{CD33BF17-7527-4431-86D7-A7A8CBCEACDF}.Debug|Any CPU.ActiveCfg = Debug|Any CPU
		{CD33BF17-7527-4431-86D7-A7A8CBCEACDF}.Debug|Any CPU.Build.0 = Debug|Any CPU
		{CD33BF17-7527-4431-86D7-A7A8CBCEACDF}.Release|Any CPU.ActiveCfg = Release|Any CPU
		{CD33BF17-7527-4431-86D7-A7A8CBCEACDF}.Release|Any CPU.Build.0 = Release|Any CPU
		{B7A4560D-9FCF-4386-95C4-4794EF4E6994}.Debug|Any CPU.ActiveCfg = Debug|Any CPU
		{B7A4560D-9FCF-4386-95C4-4794EF4E6994}.Debug|Any CPU.Build.0 = Debug|Any CPU
		{B7A4560D-9FCF-4386-95C4-4794EF4E6994}.Release|Any CPU.ActiveCfg = Release|Any CPU
		{B7A4560D-9FCF-4386-95C4-4794EF4E6994}.Release|Any CPU.Build.0 = Release|Any CPU
		{8AF53F22-43B8-4BB0-A62C-124618ED9B24}.Debug|Any CPU.ActiveCfg = Debug|Any CPU
		{8AF53F22-43B8-4BB0-A62C-124618ED9B24}.Debug|Any CPU.Build.0 = Debug|Any CPU
		{8AF53F22-43B8-4BB0-A62C-124618ED9B24}.Release|Any CPU.ActiveCfg = Release|Any CPU
		{8AF53F22-43B8-4BB0-A62C-124618ED9B24}.Release|Any CPU.Build.0 = Release|Any CPU
	EndGlobalSection
	GlobalSection(SolutionProperties) = preSolution
		HideSolutionNode = FALSE
	EndGlobalSection
	GlobalSection(ExtensibilityGlobals) = postSolution
		SolutionGuid = {7014EB86-27C4-4C23-9F60-56EBE9B80F06}
	EndGlobalSection
EndGlobal
